
Microsoft Visual Studio Solution File, Format Version 12.00
# Visual Studio Version 17
VisualStudioVersion = 17.9.34616.47
MinimumVisualStudioVersion = 10.0.40219.1
Project("{FAE04EC0-301F-11D3-BF4B-00C04F79EFBC}") = "AquariumSimulation", "AquariumSimulation.csproj", "{23ACC0D5-7772-4A54-9DA1-A132B3D300DF}"
EndProject
Global
	GlobalSection(SolutionConfigurationPlatforms) = preSolution
		Debug|Any CPU = Debug|Any CPU
		Release|Any CPU = Release|Any CPU
	EndGlobalSection
	GlobalSection(ProjectConfigurationPlatforms) = postSolution
		{23ACC0D5-7772-4A54-9DA1-A132B3D300DF}.Debug|Any CPU.ActiveCfg = Debug|Any CPU
		{23ACC0D5-7772-4A54-9DA1-A132B3D300DF}.Debug|Any CPU.Build.0 = Debug|Any CPU
		{23ACC0D5-7772-4A54-9DA1-A132B3D300DF}.Release|Any CPU.ActiveCfg = Release|Any CPU
		{23ACC0D5-7772-4A54-9DA1-A132B3D300DF}.Release|Any CPU.Build.0 = Release|Any CPU
	EndGlobalSection
	GlobalSection(SolutionProperties) = preSolution
		HideSolutionNode = FALSE
	EndGlobalSection
	GlobalSection(ExtensibilityGlobals) = postSolution
		SolutionGuid = {1FAC9E46-51A6-444A-8F57-78312D659AE9}
	EndGlobalSection
EndGlobal
